// !$*UTF8*$!
{
	archiveVersion = 1;
	classes = {
	};
	objectVersion = 46;
	objects = {

/* Begin PBXBuildFile section */
		1B311E5B1C67C4BE0061ABEB /* AppDelegate.swift in Sources */ = {isa = PBXBuildFile; fileRef = 1B311E5A1C67C4BE0061ABEB /* AppDelegate.swift */; };
		1B311E5D1C67C4BE0061ABEB /* ViewController.swift in Sources */ = {isa = PBXBuildFile; fileRef = 1B311E5C1C67C4BE0061ABEB /* ViewController.swift */; };
		1B311E601C67C4BE0061ABEB /* Main.storyboard in Resources */ = {isa = PBXBuildFile; fileRef = 1B311E5E1C67C4BE0061ABEB /* Main.storyboard */; };
		1B311E631C67C4BF0061ABEB /* Recipiez.xcdatamodeld in Sources */ = {isa = PBXBuildFile; fileRef = 1B311E611C67C4BF0061ABEB /* Recipiez.xcdatamodeld */; };
		1B311E651C67C4BF0061ABEB /* Assets.xcassets in Resources */ = {isa = PBXBuildFile; fileRef = 1B311E641C67C4BF0061ABEB /* Assets.xcassets */; };
		1B311E681C67C4BF0061ABEB /* LaunchScreen.storyboard in Resources */ = {isa = PBXBuildFile; fileRef = 1B311E661C67C4BF0061ABEB /* LaunchScreen.storyboard */; };
		1B311E741C67CE6C0061ABEB /* Recipe+CoreDataProperties.swift in Sources */ = {isa = PBXBuildFile; fileRef = 1B311E721C67CE6C0061ABEB /* Recipe+CoreDataProperties.swift */; };
		1B311E751C67CE6C0061ABEB /* Recipe.swift in Sources */ = {isa = PBXBuildFile; fileRef = 1B311E731C67CE6C0061ABEB /* Recipe.swift */; };
/* End PBXBuildFile section */

/* Begin PBXFileReference section */
		1B311E571C67C4BE0061ABEB /* Recipiez.app */ = {isa = PBXFileReference; explicitFileType = wrapper.application; includeInIndex = 0; path = Recipiez.app; sourceTree = BUILT_PRODUCTS_DIR; };
		1B311E5A1C67C4BE0061ABEB /* AppDelegate.swift */ = {isa = PBXFileReference; lastKnownFileType = sourcecode.swift; path = AppDelegate.swift; sourceTree = "<group>"; };
		1B311E5C1C67C4BE0061ABEB /* ViewController.swift */ = {isa = PBXFileReference; lastKnownFileType = sourcecode.swift; path = ViewController.swift; sourceTree = "<group>"; };
		1B311E5F1C67C4BE0061ABEB /* Base */ = {isa = PBXFileReference; lastKnownFileType = file.storyboard; name = Base; path = Base.lproj/Main.storyboard; sourceTree = "<group>"; };
		1B311E621C67C4BF0061ABEB /* Recipiez.xcdatamodel */ = {isa = PBXFileReference; lastKnownFileType = wrapper.xcdatamodel; path = Recipiez.xcdatamodel; sourceTree = "<group>"; };
		1B311E641C67C4BF0061ABEB /* Assets.xcassets */ = {isa = PBXFileReference; lastKnownFileType = folder.assetcatalog; path = Assets.xcassets; sourceTree = "<group>"; };
		1B311E671C67C4BF0061ABEB /* Base */ = {isa = PBXFileReference; lastKnownFileType = file.storyboard; name = Base; path = Base.lproj/LaunchScreen.storyboard; sourceTree = "<group>"; };
		1B311E691C67C4BF0061ABEB /* Info.plist */ = {isa = PBXFileReference; lastKnownFileType = text.plist.xml; path = Info.plist; sourceTree = "<group>"; };
		1B311E721C67CE6C0061ABEB /* Recipe+CoreDataProperties.swift */ = {isa = PBXFileReference; fileEncoding = 4; lastKnownFileType = sourcecode.swift; path = "Recipe+CoreDataProperties.swift"; sourceTree = "<group>"; };
		1B311E731C67CE6C0061ABEB /* Recipe.swift */ = {isa = PBXFileReference; fileEncoding = 4; lastKnownFileType = sourcecode.swift; path = Recipe.swift; sourceTree = "<group>"; };
/* End PBXFileReference section */

/* Begin PBXFrameworksBuildPhase section */
		1B311E541C67C4BE0061ABEB /* Frameworks */ = {
			isa = PBXFrameworksBuildPhase;
			buildActionMask = 2147483647;
			files = (
			);
			runOnlyForDeploymentPostprocessing = 0;
		};
/* End PBXFrameworksBuildPhase section */

/* Begin PBXGroup section */
		1B311E4E1C67C4BE0061ABEB = {
			isa = PBXGroup;
			children = (
				1B311E721C67CE6C0061ABEB /* Recipe+CoreDataProperties.swift */,
				1B311E731C67CE6C0061ABEB /* Recipe.swift */,
				1B311E591C67C4BE0061ABEB /* Recipiez */,
				1B311E581C67C4BE0061ABEB /* Products */,
			);
			sourceTree = "<group>";
		};
		1B311E581C67C4BE0061ABEB /* Products */ = {
			isa = PBXGroup;
			children = (
				1B311E571C67C4BE0061ABEB /* Recipiez.app */,
			);
			name = Products;
			sourceTree = "<group>";
		};
		1B311E591C67C4BE0061ABEB /* Recipiez */ = {
			isa = PBXGroup;
			children = (
				1B311E711C67CE2C0061ABEB /* Controller */,
				1B311E701C67CE270061ABEB /* View */,
				1B311E6F1C67CE210061ABEB /* Model */,
				1B311E5A1C67C4BE0061ABEB /* AppDelegate.swift */,
				1B311E5E1C67C4BE0061ABEB /* Main.storyboard */,
				1B311E641C67C4BF0061ABEB /* Assets.xcassets */,
				1B311E661C67C4BF0061ABEB /* LaunchScreen.storyboard */,
				1B311E691C67C4BF0061ABEB /* Info.plist */,
				1B311E611C67C4BF0061ABEB /* Recipiez.xcdatamodeld */,
			);
			path = Recipiez;
			sourceTree = "<group>";
		};
		1B311E6F1C67CE210061ABEB /* Model */ = {
			isa = PBXGroup;
			children = (
			);
			name = Model;
			sourceTree = "<group>";
		};
		1B311E701C67CE270061ABEB /* View */ = {
			isa = PBXGroup;
			children = (
			);
			name = View;
			sourceTree = "<group>";
		};
		1B311E711C67CE2C0061ABEB /* Controller */ = {
			isa = PBXGroup;
			children = (
				1B311E5C1C67C4BE0061ABEB /* ViewController.swift */,
			);
			name = Controller;
			sourceTree = "<group>";
		};
/* End PBXGroup section */

/* Begin PBXNativeTarget section */
		1B311E561C67C4BE0061ABEB /* Recipiez */ = {
			isa = PBXNativeTarget;
			buildConfigurationList = 1B311E6C1C67C4BF0061ABEB /* Build configuration list for PBXNativeTarget "Recipiez" */;
			buildPhases = (
				1B311E531C67C4BE0061ABEB /* Sources */,
				1B311E541C67C4BE0061ABEB /* Frameworks */,
				1B311E551C67C4BE0061ABEB /* Resources */,
			);
			buildRules = (
			);
			dependencies = (
			);
			name = Recipiez;
			productName = Recipiez;
			productReference = 1B311E571C67C4BE0061ABEB /* Recipiez.app */;
			productType = "com.apple.product-type.application";
		};
/* End PBXNativeTarget section */

/* Begin PBXProject section */
		1B311E4F1C67C4BE0061ABEB /* Project object */ = {
			isa = PBXProject;
			attributes = {
				LastSwiftUpdateCheck = 0720;
				LastUpgradeCheck = 0720;
				ORGANIZATIONNAME = "twisted echo";
				TargetAttributes = {
					1B311E561C67C4BE0061ABEB = {
						CreatedOnToolsVersion = 7.2;
					};
				};
			};
			buildConfigurationList = 1B311E521C67C4BE0061ABEB /* Build configuration list for PBXProject "Recipiez" */;
			compatibilityVersion = "Xcode 3.2";
			developmentRegion = English;
			hasScannedForEncodings = 0;
			knownRegions = (
				en,
				Base,
			);
			mainGroup = 1B311E4E1C67C4BE0061ABEB;
			productRefGroup = 1B311E581C67C4BE0061ABEB /* Products */;
			projectDirPath = "";
			projectRoot = "";
			targets = (
				1B311E561C67C4BE0061ABEB /* Recipiez */,
			);
		};
/* End PBXProject section */

/* Begin PBXResourcesBuildPhase section */
		1B311E551C67C4BE0061ABEB /* Resources */ = {
			isa = PBXResourcesBuildPhase;
			buildActionMask = 2147483647;
			files = (
				1B311E681C67C4BF0061ABEB /* LaunchScreen.storyboard in Resources */,
				1B311E651C67C4BF0061ABEB /* Assets.xcassets in Resources */,
				1B311E601C67C4BE0061ABEB /* Main.storyboard in Resources */,
			);
			runOnlyForDeploymentPostprocessing = 0;
		};
/* End PBXResourcesBuildPhase section */

/* Begin PBXSourcesBuildPhase section */
		1B311E531C67C4BE0061ABEB /* Sources */ = {
			isa = PBXSourcesBuildPhase;
			buildActionMask = 2147483647;
			files = (
				1B311E5D1C67C4BE0061ABEB /* ViewController.swift in Sources */,
				1B311E741C67CE6C0061ABEB /* Recipe+CoreDataProperties.swift in Sources */,
				1B311E5B1C67C4BE0061ABEB /* AppDelegate.swift in Sources */,
				1B311E631C67C4BF0061ABEB /* Recipiez.xcdatamodeld in Sources */,
				1B311E751C67CE6C0061ABEB /* Recipe.swift in Sources */,
			);
			runOnlyForDeploymentPostprocessing = 0;
		};
/* End PBXSourcesBuildPhase section */

/* Begin PBXVariantGroup section */
		1B311E5E1C67C4BE0061ABEB /* Main.storyboard */ = {
			isa = PBXVariantGroup;
			children = (
				1B311E5F1C67C4BE0061ABEB /* Base */,
			);
			name = Main.storyboard;
			sourceTree = "<group>";
		};
		1B311E661C67C4BF0061ABEB /* LaunchScreen.storyboard */ = {
			isa = PBXVariantGroup;
			children = (
				1B311E671C67C4BF0061ABEB /* Base */,
			);
			name = LaunchScreen.storyboard;
			sourceTree = "<group>";
		};
/* End PBXVariantGroup section */

/* Begin XCBuildConfiguration section */
		1B311E6A1C67C4BF0061ABEB /* Debug */ = {
			isa = XCBuildConfiguration;
			buildSettings = {
				ALWAYS_SEARCH_USER_PATHS = NO;
				CLANG_CXX_LANGUAGE_STANDARD = "gnu++0x";
				CLANG_CXX_LIBRARY = "libc++";
				CLANG_ENABLE_MODULES = YES;
				CLANG_ENABLE_OBJC_ARC = YES;
				CLANG_WARN_BOOL_CONVERSION = YES;
				CLANG_WARN_CONSTANT_CONVERSION = YES;
				CLANG_WARN_DIRECT_OBJC_ISA_USAGE = YES_ERROR;
				CLANG_WARN_EMPTY_BODY = YES;
				CLANG_WARN_ENUM_CONVERSION = YES;
				CLANG_WARN_INT_CONVERSION = YES;
				CLANG_WARN_OBJC_ROOT_CLASS = YES_ERROR;
				CLANG_WARN_UNREACHABLE_CODE = YES;
				CLANG_WARN__DUPLICATE_METHOD_MATCH = YES;
				"CODE_SIGN_IDENTITY[sdk=iphoneos*]" = "iPhone Developer";
				COPY_PHASE_STRIP = NO;
				DEBUG_INFORMATION_FORMAT = dwarf;
				ENABLE_STRICT_OBJC_MSGSEND = YES;
				ENABLE_TESTABILITY = YES;
				GCC_C_LANGUAGE_STANDARD = gnu99;
				GCC_DYNAMIC_NO_PIC = NO;
				GCC_NO_COMMON_BLOCKS = YES;
				GCC_OPTIMIZATION_LEVEL = 0;
				GCC_PREPROCESSOR_DEFINITIONS = (
					"DEBUG=1",
					"$(inherited)",
				);
				GCC_WARN_64_TO_32_BIT_CONVERSION = YES;
				GCC_WARN_ABOUT_RETURN_TYPE = YES_ERROR;
				GCC_WARN_UNDECLARED_SELECTOR = YES;
				GCC_WARN_UNINITIALIZED_AUTOS = YES_AGGRESSIVE;
				GCC_WARN_UNUSED_FUNCTION = YES;
				GCC_WARN_UNUSED_VARIABLE = YES;
				IPHONEOS_DEPLOYMENT_TARGET = 9.2;
				MTL_ENABLE_DEBUG_INFO = YES;
				ONLY_ACTIVE_ARCH = YES;
				SDKROOT = iphoneos;
				SWIFT_OPTIMIZATION_LEVEL = "-Onone";
			};
			name = Debug;
		};
		1B311E6B1C67C4BF0061ABEB /* Release */ = {
			isa = XCBuildConfiguration;
			buildSettings = {
				ALWAYS_SEARCH_USER_PATHS = NO;
				CLANG_CXX_LANGUAGE_STANDARD = "gnu++0x";
				CLANG_CXX_LIBRARY = "libc++";
				CLANG_ENABLE_MODULES = YES;
				CLANG_ENABLE_OBJC_ARC = YES;
				CLANG_WARN_BOOL_CONVERSION = YES;
				CLANG_WARN_CONSTANT_CONVERSION = YES;
				CLANG_WARN_DIRECT_OBJC_ISA_USAGE = YES_ERROR;
				CLANG_WARN_EMPTY_BODY = YES;
				CLANG_WARN_ENUM_CONVERSION = YES;
				CLANG_WARN_INT_CONVERSION = YES;
				CLANG_WARN_OBJC_ROOT_CLASS = YES_ERROR;
				CLANG_WARN_UNREACHABLE_CODE = YES;
				CLANG_WARN__DUPLICATE_METHOD_MATCH = YES;
				"CODE_SIGN_IDENTITY[sdk=iphoneos*]" = "iPhone Developer";
				COPY_PHASE_STRIP = NO;
				DEBUG_INFORMATION_FORMAT = "dwarf-with-dsym";
				ENABLE_NS_ASSERTIONS = NO;
				ENABLE_STRICT_OBJC_MSGSEND = YES;
				GCC_C_LANGUAGE_STANDARD = gnu99;
				GCC_NO_COMMON_BLOCKS = YES;
				GCC_WARN_64_TO_32_BIT_CONVERSION = YES;
				GCC_WARN_ABOUT_RETURN_TYPE = YES_ERROR;
				GCC_WARN_UNDECLARED_SELECTOR = YES;
				GCC_WARN_UNINITIALIZED_AUTOS = YES_AGGRESSIVE;
				GCC_WARN_UNUSED_FUNCTION = YES;
				GCC_WARN_UNUSED_VARIABLE = YES;
				IPHONEOS_DEPLOYMENT_TARGET = 9.2;
				MTL_ENABLE_DEBUG_INFO = NO;
				SDKROOT = iphoneos;
				VALIDATE_PRODUCT = YES;
			};
			name = Release;
		};
		1B311E6D1C67C4BF0061ABEB /* Debug */ = {
			isa = XCBuildConfiguration;
			buildSettings = {
				ASSETCATALOG_COMPILER_APPICON_NAME = AppIcon;
				INFOPLIST_FILE = Recipiez/Info.plist;
				LD_RUNPATH_SEARCH_PATHS = "$(inherited) @executable_path/Frameworks";
				PRODUCT_BUNDLE_IDENTIFIER = com.twisted.Recipiez;
				PRODUCT_NAME = "$(TARGET_NAME)";
			};
			name = Debug;
		};
		1B311E6E1C67C4BF0061ABEB /* Release */ = {
			isa = XCBuildConfiguration;
			buildSettings = {
				ASSETCATALOG_COMPILER_APPICON_NAME = AppIcon;
				INFOPLIST_FILE = Recipiez/Info.plist;
				LD_RUNPATH_SEARCH_PATHS = "$(inherited) @executable_path/Frameworks";
				PRODUCT_BUNDLE_IDENTIFIER = com.twisted.Recipiez;
				PRODUCT_NAME = "$(TARGET_NAME)";
			};
			name = Release;
		};
/* End XCBuildConfiguration section */

/* Begin XCConfigurationList section */
		1B311E521C67C4BE0061ABEB /* Build configuration list for PBXProject "Recipiez" */ = {
			isa = XCConfigurationList;
			buildConfigurations = (
				1B311E6A1C67C4BF0061ABEB /* Debug */,
				1B311E6B1C67C4BF0061ABEB /* Release */,
			);
			defaultConfigurationIsVisible = 0;
			defaultConfigurationName = Release;
		};
		1B311E6C1C67C4BF0061ABEB /* Build configuration list for PBXNativeTarget "Recipiez" */ = {
			isa = XCConfigurationList;
			buildConfigurations = (
				1B311E6D1C67C4BF0061ABEB /* Debug */,
				1B311E6E1C67C4BF0061ABEB /* Release */,
			);
			defaultConfigurationIsVisible = 0;
		};
/* End XCConfigurationList section */

/* Begin XCVersionGroup section */
		1B311E611C67C4BF0061ABEB /* Recipiez.xcdatamodeld */ = {
			isa = XCVersionGroup;
			children = (
				1B311E621C67C4BF0061ABEB /* Recipiez.xcdatamodel */,
			);
			currentVersion = 1B311E621C67C4BF0061ABEB /* Recipiez.xcdatamodel */;
			path = Recipiez.xcdatamodeld;
			sourceTree = "<group>";
			versionGroupType = wrapper.xcdatamodel;
		};
/* End XCVersionGroup section */
	};
	rootObject = 1B311E4F1C67C4BE0061ABEB /* Project object */;
}
